// !$*UTF8*$!
{
	archiveVersion = 1;
	classes = {
	};
	objectVersion = 50;
	objects = {

/* Begin PBXBuildFile section */
		6FD534AA21D48D980021EA08 /* applelang.framework in Frameworks */ = {isa = PBXBuildFile; fileRef = 6FD534A021D48D980021EA08 /* applelang.framework */; };
		6FD534B121D48D980021EA08 /* applelang.h in Headers */ = {isa = PBXBuildFile; fileRef = 6FD534A321D48D980021EA08 /* applelang.h */; settings = {ATTRIBUTES = (Public, ); }; };
		6FD534BC21D48DFA0021EA08 /* RegexKitX.h in Headers */ = {isa = PBXBuildFile; fileRef = 6FD534BA21D48DFA0021EA08 /* RegexKitX.h */; settings = {ATTRIBUTES = (Public, ); }; };
		6FD534BD21D48DFA0021EA08 /* RegexKitX.m in Sources */ = {isa = PBXBuildFile; fileRef = 6FD534BB21D48DFA0021EA08 /* RegexKitX.m */; };
		6FD534C421D48F3A0021EA08 /* Day01Tests.m in Sources */ = {isa = PBXBuildFile; fileRef = 6FD534C321D48F3A0021EA08 /* Day01Tests.m */; };
		6FD534C621D490180021EA08 /* Day02Tests.m in Sources */ = {isa = PBXBuildFile; fileRef = 6FD534C521D490180021EA08 /* Day02Tests.m */; };
		6FD534CD21D493280021EA08 /* day01.txt in Resources */ = {isa = PBXBuildFile; fileRef = 6FD534CB21D493280021EA08 /* day01.txt */; };
		6FD534CE21D493280021EA08 /* day02.txt in Resources */ = {isa = PBXBuildFile; fileRef = 6FD534CC21D493280021EA08 /* day02.txt */; };
		6FD534DD21D4AA560021EA08 /* applelangSwift.framework in Frameworks */ = {isa = PBXBuildFile; fileRef = 6FD534D421D4AA560021EA08 /* applelangSwift.framework */; };
		6FD534E421D4AA560021EA08 /* applelangSwift.h in Headers */ = {isa = PBXBuildFile; fileRef = 6FD534D621D4AA560021EA08 /* applelangSwift.h */; settings = {ATTRIBUTES = (Public, ); }; };
		6FD534EC21D4AA7A0021EA08 /* Day01Tests.swift in Sources */ = {isa = PBXBuildFile; fileRef = 6FD534EB21D4AA7A0021EA08 /* Day01Tests.swift */; };
		6FD534ED21D4AB3F0021EA08 /* day01.txt in Resources */ = {isa = PBXBuildFile; fileRef = 6FD534CB21D493280021EA08 /* day01.txt */; };
		6FD534EE21D4AB430021EA08 /* day02.txt in Resources */ = {isa = PBXBuildFile; fileRef = 6FD534CC21D493280021EA08 /* day02.txt */; };
/* End PBXBuildFile section */

/* Begin PBXContainerItemProxy section */
		6FD534AB21D48D980021EA08 /* PBXContainerItemProxy */ = {
			isa = PBXContainerItemProxy;
			containerPortal = 6FD5349721D48D970021EA08 /* Project object */;
			proxyType = 1;
			remoteGlobalIDString = 6FD5349F21D48D970021EA08;
			remoteInfo = applelang;
		};
		6FD534DE21D4AA560021EA08 /* PBXContainerItemProxy */ = {
			isa = PBXContainerItemProxy;
			containerPortal = 6FD5349721D48D970021EA08 /* Project object */;
			proxyType = 1;
			remoteGlobalIDString = 6FD534D321D4AA560021EA08;
			remoteInfo = applelangSwift;
		};
/* End PBXContainerItemProxy section */

/* Begin PBXFileReference section */
		6F7D55B521D5826300E30EAD /* README.md */ = {isa = PBXFileReference; fileEncoding = 4; lastKnownFileType = net.daringfireball.markdown; name = README.md; path = ../../README.md; sourceTree = "<group>"; };
		6FD534A021D48D980021EA08 /* applelang.framework */ = {isa = PBXFileReference; explicitFileType = wrapper.framework; includeInIndex = 0; path = applelang.framework; sourceTree = BUILT_PRODUCTS_DIR; };
		6FD534A321D48D980021EA08 /* applelang.h */ = {isa = PBXFileReference; lastKnownFileType = sourcecode.c.h; path = applelang.h; sourceTree = "<group>"; };
		6FD534A421D48D980021EA08 /* Info.plist */ = {isa = PBXFileReference; lastKnownFileType = text.plist.xml; path = Info.plist; sourceTree = "<group>"; };
		6FD534A921D48D980021EA08 /* applelangTests.xctest */ = {isa = PBXFileReference; explicitFileType = wrapper.cfbundle; includeInIndex = 0; path = applelangTests.xctest; sourceTree = BUILT_PRODUCTS_DIR; };
		6FD534B021D48D980021EA08 /* Info.plist */ = {isa = PBXFileReference; lastKnownFileType = text.plist.xml; path = Info.plist; sourceTree = "<group>"; };
		6FD534BA21D48DFA0021EA08 /* RegexKitX.h */ = {isa = PBXFileReference; fileEncoding = 4; lastKnownFileType = sourcecode.c.h; path = RegexKitX.h; sourceTree = "<group>"; };
		6FD534BB21D48DFA0021EA08 /* RegexKitX.m */ = {isa = PBXFileReference; fileEncoding = 4; lastKnownFileType = sourcecode.c.objc; path = RegexKitX.m; sourceTree = "<group>"; };
		6FD534C321D48F3A0021EA08 /* Day01Tests.m */ = {isa = PBXFileReference; lastKnownFileType = sourcecode.c.objc; path = Day01Tests.m; sourceTree = "<group>"; };
		6FD534C521D490180021EA08 /* Day02Tests.m */ = {isa = PBXFileReference; lastKnownFileType = sourcecode.c.objc; path = Day02Tests.m; sourceTree = "<group>"; };
		6FD534CB21D493280021EA08 /* day01.txt */ = {isa = PBXFileReference; fileEncoding = 4; lastKnownFileType = text; path = day01.txt; sourceTree = "<group>"; };
		6FD534CC21D493280021EA08 /* day02.txt */ = {isa = PBXFileReference; fileEncoding = 4; lastKnownFileType = text; path = day02.txt; sourceTree = "<group>"; };
		6FD534D421D4AA560021EA08 /* applelangSwift.framework */ = {isa = PBXFileReference; explicitFileType = wrapper.framework; includeInIndex = 0; path = applelangSwift.framework; sourceTree = BUILT_PRODUCTS_DIR; };
		6FD534D621D4AA560021EA08 /* applelangSwift.h */ = {isa = PBXFileReference; lastKnownFileType = sourcecode.c.h; path = applelangSwift.h; sourceTree = "<group>"; };
		6FD534D721D4AA560021EA08 /* Info.plist */ = {isa = PBXFileReference; lastKnownFileType = text.plist.xml; path = Info.plist; sourceTree = "<group>"; };
		6FD534DC21D4AA560021EA08 /* applelangSwiftTests.xctest */ = {isa = PBXFileReference; explicitFileType = wrapper.cfbundle; includeInIndex = 0; path = applelangSwiftTests.xctest; sourceTree = BUILT_PRODUCTS_DIR; };
		6FD534E321D4AA560021EA08 /* Info.plist */ = {isa = PBXFileReference; lastKnownFileType = text.plist.xml; path = Info.plist; sourceTree = "<group>"; };
		6FD534EB21D4AA7A0021EA08 /* Day01Tests.swift */ = {isa = PBXFileReference; lastKnownFileType = sourcecode.swift; path = Day01Tests.swift; sourceTree = "<group>"; };
/* End PBXFileReference section */

/* Begin PBXFrameworksBuildPhase section */
		6FD5349D21D48D970021EA08 /* Frameworks */ = {
			isa = PBXFrameworksBuildPhase;
			buildActionMask = 2147483647;
			files = (
			);
			runOnlyForDeploymentPostprocessing = 0;
		};
		6FD534A621D48D980021EA08 /* Frameworks */ = {
			isa = PBXFrameworksBuildPhase;
			buildActionMask = 2147483647;
			files = (
				6FD534AA21D48D980021EA08 /* applelang.framework in Frameworks */,
			);
			runOnlyForDeploymentPostprocessing = 0;
		};
		6FD534D121D4AA560021EA08 /* Frameworks */ = {
			isa = PBXFrameworksBuildPhase;
			buildActionMask = 2147483647;
			files = (
			);
			runOnlyForDeploymentPostprocessing = 0;
		};
		6FD534D921D4AA560021EA08 /* Frameworks */ = {
			isa = PBXFrameworksBuildPhase;
			buildActionMask = 2147483647;
			files = (
				6FD534DD21D4AA560021EA08 /* applelangSwift.framework in Frameworks */,
			);
			runOnlyForDeploymentPostprocessing = 0;
		};
/* End PBXFrameworksBuildPhase section */

/* Begin PBXGroup section */
		6FD5349621D48D970021EA08 = {
			isa = PBXGroup;
			children = (
				6F7D55B521D5826300E30EAD /* README.md */,
				6FD534BE21D48EE00021EA08 /* inputs */,
				6FD534A221D48D980021EA08 /* applelang */,
				6FD534AD21D48D980021EA08 /* applelangTests */,
				6FD534D521D4AA560021EA08 /* applelangSwift */,
				6FD534E021D4AA560021EA08 /* applelangSwiftTests */,
				6FD534A121D48D980021EA08 /* Products */,
			);
			sourceTree = "<group>";
		};
		6FD534A121D48D980021EA08 /* Products */ = {
			isa = PBXGroup;
			children = (
				6FD534A021D48D980021EA08 /* applelang.framework */,
				6FD534A921D48D980021EA08 /* applelangTests.xctest */,
				6FD534D421D4AA560021EA08 /* applelangSwift.framework */,
				6FD534DC21D4AA560021EA08 /* applelangSwiftTests.xctest */,
			);
			name = Products;
			sourceTree = "<group>";
		};
		6FD534A221D48D980021EA08 /* applelang */ = {
			isa = PBXGroup;
			children = (
				6FD534BA21D48DFA0021EA08 /* RegexKitX.h */,
				6FD534BB21D48DFA0021EA08 /* RegexKitX.m */,
				6FD534A321D48D980021EA08 /* applelang.h */,
				6FD534A421D48D980021EA08 /* Info.plist */,
			);
			path = applelang;
			sourceTree = "<group>";
		};
		6FD534AD21D48D980021EA08 /* applelangTests */ = {
			isa = PBXGroup;
			children = (
				6FD534C321D48F3A0021EA08 /* Day01Tests.m */,
				6FD534C521D490180021EA08 /* Day02Tests.m */,
				6FD534B021D48D980021EA08 /* Info.plist */,
			);
			path = applelangTests;
			sourceTree = "<group>";
		};
		6FD534BE21D48EE00021EA08 /* inputs */ = {
			isa = PBXGroup;
			children = (
				6FD534CB21D493280021EA08 /* day01.txt */,
				6FD534CC21D493280021EA08 /* day02.txt */,
			);
			name = inputs;
			path = ../inputs;
			sourceTree = SOURCE_ROOT;
		};
		6FD534D521D4AA560021EA08 /* applelangSwift */ = {
			isa = PBXGroup;
			children = (
				6FD534D621D4AA560021EA08 /* applelangSwift.h */,
				6FD534D721D4AA560021EA08 /* Info.plist */,
			);
			path = applelangSwift;
			sourceTree = "<group>";
		};
		6FD534E021D4AA560021EA08 /* applelangSwiftTests */ = {
			isa = PBXGroup;
			children = (
				6FD534EB21D4AA7A0021EA08 /* Day01Tests.swift */,
				6FD534E321D4AA560021EA08 /* Info.plist */,
			);
			path = applelangSwiftTests;
			sourceTree = "<group>";
		};
/* End PBXGroup section */

/* Begin PBXHeadersBuildPhase section */
		6FD5349B21D48D970021EA08 /* Headers */ = {
			isa = PBXHeadersBuildPhase;
			buildActionMask = 2147483647;
			files = (
				6FD534BC21D48DFA0021EA08 /* RegexKitX.h in Headers */,
				6FD534B121D48D980021EA08 /* applelang.h in Headers */,
			);
			runOnlyForDeploymentPostprocessing = 0;
		};
		6FD534CF21D4AA560021EA08 /* Headers */ = {
			isa = PBXHeadersBuildPhase;
			buildActionMask = 2147483647;
			files = (
				6FD534E421D4AA560021EA08 /* applelangSwift.h in Headers */,
			);
			runOnlyForDeploymentPostprocessing = 0;
		};
/* End PBXHeadersBuildPhase section */

/* Begin PBXNativeTarget section */
		6FD5349F21D48D970021EA08 /* applelang */ = {
			isa = PBXNativeTarget;
			buildConfigurationList = 6FD534B421D48D980021EA08 /* Build configuration list for PBXNativeTarget "applelang" */;
			buildPhases = (
				6FD5349B21D48D970021EA08 /* Headers */,
				6FD5349C21D48D970021EA08 /* Sources */,
				6FD5349D21D48D970021EA08 /* Frameworks */,
				6FD5349E21D48D970021EA08 /* Resources */,
			);
			buildRules = (
			);
			dependencies = (
			);
			name = applelang;
			productName = applelang;
			productReference = 6FD534A021D48D980021EA08 /* applelang.framework */;
			productType = "com.apple.product-type.framework";
		};
		6FD534A821D48D980021EA08 /* applelangTests */ = {
			isa = PBXNativeTarget;
			buildConfigurationList = 6FD534B721D48D980021EA08 /* Build configuration list for PBXNativeTarget "applelangTests" */;
			buildPhases = (
				6FD534A521D48D980021EA08 /* Sources */,
				6FD534A621D48D980021EA08 /* Frameworks */,
				6FD534A721D48D980021EA08 /* Resources */,
			);
			buildRules = (
			);
			dependencies = (
				6FD534AC21D48D980021EA08 /* PBXTargetDependency */,
			);
			name = applelangTests;
			productName = applelangTests;
			productReference = 6FD534A921D48D980021EA08 /* applelangTests.xctest */;
			productType = "com.apple.product-type.bundle.unit-test";
		};
		6FD534D321D4AA560021EA08 /* applelangSwift */ = {
			isa = PBXNativeTarget;
			buildConfigurationList = 6FD534E521D4AA560021EA08 /* Build configuration list for PBXNativeTarget "applelangSwift" */;
			buildPhases = (
				6FD534CF21D4AA560021EA08 /* Headers */,
				6FD534D021D4AA560021EA08 /* Sources */,
				6FD534D121D4AA560021EA08 /* Frameworks */,
				6FD534D221D4AA560021EA08 /* Resources */,
			);
			buildRules = (
			);
			dependencies = (
			);
			name = applelangSwift;
			productName = applelangSwift;
			productReference = 6FD534D421D4AA560021EA08 /* applelangSwift.framework */;
			productType = "com.apple.product-type.framework";
		};
		6FD534DB21D4AA560021EA08 /* applelangSwiftTests */ = {
			isa = PBXNativeTarget;
			buildConfigurationList = 6FD534E821D4AA560021EA08 /* Build configuration list for PBXNativeTarget "applelangSwiftTests" */;
			buildPhases = (
				6FD534D821D4AA560021EA08 /* Sources */,
				6FD534D921D4AA560021EA08 /* Frameworks */,
				6FD534DA21D4AA560021EA08 /* Resources */,
			);
			buildRules = (
			);
			dependencies = (
				6FD534DF21D4AA560021EA08 /* PBXTargetDependency */,
			);
			name = applelangSwiftTests;
			productName = applelangSwiftTests;
			productReference = 6FD534DC21D4AA560021EA08 /* applelangSwiftTests.xctest */;
			productType = "com.apple.product-type.bundle.unit-test";
		};
/* End PBXNativeTarget section */

/* Begin PBXProject section */
		6FD5349721D48D970021EA08 /* Project object */ = {
			isa = PBXProject;
			attributes = {
				LastSwiftUpdateCheck = 1010;
				LastUpgradeCheck = 1010;
				ORGANIZATIONNAME = SectorMobile;
				TargetAttributes = {
					6FD5349F21D48D970021EA08 = {
						CreatedOnToolsVersion = 10.1;
					};
					6FD534A821D48D980021EA08 = {
						CreatedOnToolsVersion = 10.1;
					};
					6FD534D321D4AA560021EA08 = {
						CreatedOnToolsVersion = 10.1;
					};
					6FD534DB21D4AA560021EA08 = {
						CreatedOnToolsVersion = 10.1;
					};
				};
			};
			buildConfigurationList = 6FD5349A21D48D970021EA08 /* Build configuration list for PBXProject "applelang" */;
			compatibilityVersion = "Xcode 9.3";
			developmentRegion = en;
			hasScannedForEncodings = 0;
			knownRegions = (
				en,
			);
			mainGroup = 6FD5349621D48D970021EA08;
			productRefGroup = 6FD534A121D48D980021EA08 /* Products */;
			projectDirPath = "";
			projectRoot = "";
			targets = (
				6FD5349F21D48D970021EA08 /* applelang */,
				6FD534A821D48D980021EA08 /* applelangTests */,
				6FD534D321D4AA560021EA08 /* applelangSwift */,
				6FD534DB21D4AA560021EA08 /* applelangSwiftTests */,
			);
		};
/* End PBXProject section */

/* Begin PBXResourcesBuildPhase section */
		6FD5349E21D48D970021EA08 /* Resources */ = {
			isa = PBXResourcesBuildPhase;
			buildActionMask = 2147483647;
			files = (
			);
			runOnlyForDeploymentPostprocessing = 0;
		};
		6FD534A721D48D980021EA08 /* Resources */ = {
			isa = PBXResourcesBuildPhase;
			buildActionMask = 2147483647;
			files = (
				6FD534CD21D493280021EA08 /* day01.txt in Resources */,
				6FD534CE21D493280021EA08 /* day02.txt in Resources */,
			);
			runOnlyForDeploymentPostprocessing = 0;
		};
		6FD534D221D4AA560021EA08 /* Resources */ = {
			isa = PBXResourcesBuildPhase;
			buildActionMask = 2147483647;
			files = (
			);
			runOnlyForDeploymentPostprocessing = 0;
		};
		6FD534DA21D4AA560021EA08 /* Resources */ = {
			isa = PBXResourcesBuildPhase;
			buildActionMask = 2147483647;
			files = (
				6FD534ED21D4AB3F0021EA08 /* day01.txt in Resources */,
				6FD534EE21D4AB430021EA08 /* day02.txt in Resources */,
			);
			runOnlyForDeploymentPostprocessing = 0;
		};
/* End PBXResourcesBuildPhase section */

/* Begin PBXSourcesBuildPhase section */
		6FD5349C21D48D970021EA08 /* Sources */ = {
			isa = PBXSourcesBuildPhase;
			buildActionMask = 2147483647;
			files = (
				6FD534BD21D48DFA0021EA08 /* RegexKitX.m in Sources */,
			);
			runOnlyForDeploymentPostprocessing = 0;
		};
		6FD534A521D48D980021EA08 /* Sources */ = {
			isa = PBXSourcesBuildPhase;
			buildActionMask = 2147483647;
			files = (
				6FD534C621D490180021EA08 /* Day02Tests.m in Sources */,
				6FD534C421D48F3A0021EA08 /* Day01Tests.m in Sources */,
			);
			runOnlyForDeploymentPostprocessing = 0;
		};
		6FD534D021D4AA560021EA08 /* Sources */ = {
			isa = PBXSourcesBuildPhase;
			buildActionMask = 2147483647;
			files = (
			);
			runOnlyForDeploymentPostprocessing = 0;
		};
		6FD534D821D4AA560021EA08 /* Sources */ = {
			isa = PBXSourcesBuildPhase;
			buildActionMask = 2147483647;
			files = (
				6FD534EC21D4AA7A0021EA08 /* Day01Tests.swift in Sources */,
			);
			runOnlyForDeploymentPostprocessing = 0;
		};
/* End PBXSourcesBuildPhase section */

/* Begin PBXTargetDependency section */
		6FD534AC21D48D980021EA08 /* PBXTargetDependency */ = {
			isa = PBXTargetDependency;
			target = 6FD5349F21D48D970021EA08 /* applelang */;
			targetProxy = 6FD534AB21D48D980021EA08 /* PBXContainerItemProxy */;
		};
		6FD534DF21D4AA560021EA08 /* PBXTargetDependency */ = {
			isa = PBXTargetDependency;
			target = 6FD534D321D4AA560021EA08 /* applelangSwift */;
			targetProxy = 6FD534DE21D4AA560021EA08 /* PBXContainerItemProxy */;
		};
/* End PBXTargetDependency section */

/* Begin XCBuildConfiguration section */
		6FD534B221D48D980021EA08 /* Debug */ = {
			isa = XCBuildConfiguration;
			buildSettings = {
				ALWAYS_SEARCH_USER_PATHS = NO;
				CLANG_ANALYZER_NONNULL = YES;
				CLANG_ANALYZER_NUMBER_OBJECT_CONVERSION = YES_AGGRESSIVE;
				CLANG_CXX_LANGUAGE_STANDARD = "gnu++14";
				CLANG_CXX_LIBRARY = "libc++";
				CLANG_ENABLE_MODULES = YES;
				CLANG_ENABLE_OBJC_ARC = YES;
				CLANG_ENABLE_OBJC_WEAK = YES;
				CLANG_WARN_BLOCK_CAPTURE_AUTORELEASING = YES;
				CLANG_WARN_BOOL_CONVERSION = YES;
				CLANG_WARN_COMMA = YES;
				CLANG_WARN_CONSTANT_CONVERSION = YES;
				CLANG_WARN_DEPRECATED_OBJC_IMPLEMENTATIONS = YES;
				CLANG_WARN_DIRECT_OBJC_ISA_USAGE = YES_ERROR;
				CLANG_WARN_DOCUMENTATION_COMMENTS = YES;
				CLANG_WARN_EMPTY_BODY = YES;
				CLANG_WARN_ENUM_CONVERSION = YES;
				CLANG_WARN_INFINITE_RECURSION = YES;
				CLANG_WARN_INT_CONVERSION = YES;
				CLANG_WARN_NON_LITERAL_NULL_CONVERSION = YES;
				CLANG_WARN_OBJC_IMPLICIT_RETAIN_SELF = YES;
				CLANG_WARN_OBJC_LITERAL_CONVERSION = YES;
				CLANG_WARN_OBJC_ROOT_CLASS = YES_ERROR;
				CLANG_WARN_RANGE_LOOP_ANALYSIS = YES;
				CLANG_WARN_STRICT_PROTOTYPES = YES;
				CLANG_WARN_SUSPICIOUS_MOVE = YES;
				CLANG_WARN_UNGUARDED_AVAILABILITY = YES_AGGRESSIVE;
				CLANG_WARN_UNREACHABLE_CODE = YES;
				CLANG_WARN__DUPLICATE_METHOD_MATCH = YES;
				CODE_SIGN_IDENTITY = "-";
				COPY_PHASE_STRIP = NO;
				CURRENT_PROJECT_VERSION = 1;
				DEBUG_INFORMATION_FORMAT = dwarf;
				ENABLE_STRICT_OBJC_MSGSEND = YES;
				ENABLE_TESTABILITY = YES;
				GCC_C_LANGUAGE_STANDARD = gnu11;
				GCC_DYNAMIC_NO_PIC = NO;
				GCC_NO_COMMON_BLOCKS = YES;
				GCC_OPTIMIZATION_LEVEL = 0;
				GCC_PREPROCESSOR_DEFINITIONS = (
					"DEBUG=1",
					"$(inherited)",
				);
				GCC_WARN_64_TO_32_BIT_CONVERSION = YES;
				GCC_WARN_ABOUT_RETURN_TYPE = YES_ERROR;
				GCC_WARN_UNDECLARED_SELECTOR = YES;
				GCC_WARN_UNINITIALIZED_AUTOS = YES_AGGRESSIVE;
				GCC_WARN_UNUSED_FUNCTION = YES;
				GCC_WARN_UNUSED_VARIABLE = YES;
				MACOSX_DEPLOYMENT_TARGET = 10.14;
				MTL_ENABLE_DEBUG_INFO = INCLUDE_SOURCE;
				MTL_FAST_MATH = YES;
				ONLY_ACTIVE_ARCH = YES;
				SDKROOT = macosx;
				VERSIONING_SYSTEM = "apple-generic";
				VERSION_INFO_PREFIX = "";
			};
			name = Debug;
		};
		6FD534B321D48D980021EA08 /* Release */ = {
			isa = XCBuildConfiguration;
			buildSettings = {
				ALWAYS_SEARCH_USER_PATHS = NO;
				CLANG_ANALYZER_NONNULL = YES;
				CLANG_ANALYZER_NUMBER_OBJECT_CONVERSION = YES_AGGRESSIVE;
				CLANG_CXX_LANGUAGE_STANDARD = "gnu++14";
				CLANG_CXX_LIBRARY = "libc++";
				CLANG_ENABLE_MODULES = YES;
				CLANG_ENABLE_OBJC_ARC = YES;
				CLANG_ENABLE_OBJC_WEAK = YES;
				CLANG_WARN_BLOCK_CAPTURE_AUTORELEASING = YES;
				CLANG_WARN_BOOL_CONVERSION = YES;
				CLANG_WARN_COMMA = YES;
				CLANG_WARN_CONSTANT_CONVERSION = YES;
				CLANG_WARN_DEPRECATED_OBJC_IMPLEMENTATIONS = YES;
				CLANG_WARN_DIRECT_OBJC_ISA_USAGE = YES_ERROR;
				CLANG_WARN_DOCUMENTATION_COMMENTS = YES;
				CLANG_WARN_EMPTY_BODY = YES;
				CLANG_WARN_ENUM_CONVERSION = YES;
				CLANG_WARN_INFINITE_RECURSION = YES;
				CLANG_WARN_INT_CONVERSION = YES;
				CLANG_WARN_NON_LITERAL_NULL_CONVERSION = YES;
				CLANG_WARN_OBJC_IMPLICIT_RETAIN_SELF = YES;
				CLANG_WARN_OBJC_LITERAL_CONVERSION = YES;
				CLANG_WARN_OBJC_ROOT_CLASS = YES_ERROR;
				CLANG_WARN_RANGE_LOOP_ANALYSIS = YES;
				CLANG_WARN_STRICT_PROTOTYPES = YES;
				CLANG_WARN_SUSPICIOUS_MOVE = YES;
				CLANG_WARN_UNGUARDED_AVAILABILITY = YES_AGGRESSIVE;
				CLANG_WARN_UNREACHABLE_CODE = YES;
				CLANG_WARN__DUPLICATE_METHOD_MATCH = YES;
				CODE_SIGN_IDENTITY = "-";
				COPY_PHASE_STRIP = NO;
				CURRENT_PROJECT_VERSION = 1;
				DEBUG_INFORMATION_FORMAT = "dwarf-with-dsym";
				ENABLE_NS_ASSERTIONS = NO;
				ENABLE_STRICT_OBJC_MSGSEND = YES;
				GCC_C_LANGUAGE_STANDARD = gnu11;
				GCC_NO_COMMON_BLOCKS = YES;
				GCC_WARN_64_TO_32_BIT_CONVERSION = YES;
				GCC_WARN_ABOUT_RETURN_TYPE = YES_ERROR;
				GCC_WARN_UNDECLARED_SELECTOR = YES;
				GCC_WARN_UNINITIALIZED_AUTOS = YES_AGGRESSIVE;
				GCC_WARN_UNUSED_FUNCTION = YES;
				GCC_WARN_UNUSED_VARIABLE = YES;
				MACOSX_DEPLOYMENT_TARGET = 10.14;
				MTL_ENABLE_DEBUG_INFO = NO;
				MTL_FAST_MATH = YES;
				SDKROOT = macosx;
				VERSIONING_SYSTEM = "apple-generic";
				VERSION_INFO_PREFIX = "";
			};
			name = Release;
		};
		6FD534B521D48D980021EA08 /* Debug */ = {
			isa = XCBuildConfiguration;
			buildSettings = {
				CODE_SIGN_IDENTITY = "";
				CODE_SIGN_STYLE = Automatic;
				COMBINE_HIDPI_IMAGES = YES;
				DEFINES_MODULE = YES;
				DYLIB_COMPATIBILITY_VERSION = 1;
				DYLIB_CURRENT_VERSION = 1;
				DYLIB_INSTALL_NAME_BASE = "@rpath";
				FRAMEWORK_VERSION = A;
				INFOPLIST_FILE = applelang/Info.plist;
				INSTALL_PATH = "$(LOCAL_LIBRARY_DIR)/Frameworks";
				LD_RUNPATH_SEARCH_PATHS = (
					"$(inherited)",
					"@executable_path/../Frameworks",
					"@loader_path/Frameworks",
				);
				PRODUCT_BUNDLE_IDENTIFIER = com.sectormobile.applelang;
				PRODUCT_NAME = "$(TARGET_NAME:c99extidentifier)";
				SKIP_INSTALL = YES;
			};
			name = Debug;
		};
		6FD534B621D48D980021EA08 /* Release */ = {
			isa = XCBuildConfiguration;
			buildSettings = {
				CODE_SIGN_IDENTITY = "";
				CODE_SIGN_STYLE = Automatic;
				COMBINE_HIDPI_IMAGES = YES;
				DEFINES_MODULE = YES;
				DYLIB_COMPATIBILITY_VERSION = 1;
				DYLIB_CURRENT_VERSION = 1;
				DYLIB_INSTALL_NAME_BASE = "@rpath";
				FRAMEWORK_VERSION = A;
				INFOPLIST_FILE = applelang/Info.plist;
				INSTALL_PATH = "$(LOCAL_LIBRARY_DIR)/Frameworks";
				LD_RUNPATH_SEARCH_PATHS = (
					"$(inherited)",
					"@executable_path/../Frameworks",
					"@loader_path/Frameworks",
				);
				PRODUCT_BUNDLE_IDENTIFIER = com.sectormobile.applelang;
				PRODUCT_NAME = "$(TARGET_NAME:c99extidentifier)";
				SKIP_INSTALL = YES;
			};
			name = Release;
		};
		6FD534B821D48D980021EA08 /* Debug */ = {
			isa = XCBuildConfiguration;
			buildSettings = {
				CODE_SIGN_STYLE = Automatic;
				COMBINE_HIDPI_IMAGES = YES;
				INFOPLIST_FILE = applelangTests/Info.plist;
				LD_RUNPATH_SEARCH_PATHS = (
					"$(inherited)",
					"@executable_path/../Frameworks",
					"@loader_path/../Frameworks",
				);
				PRODUCT_BUNDLE_IDENTIFIER = com.sectormobile.applelangTests;
				PRODUCT_NAME = "$(TARGET_NAME)";
			};
			name = Debug;
		};
		6FD534B921D48D980021EA08 /* Release */ = {
			isa = XCBuildConfiguration;
			buildSettings = {
				CODE_SIGN_STYLE = Automatic;
				COMBINE_HIDPI_IMAGES = YES;
				INFOPLIST_FILE = applelangTests/Info.plist;
				LD_RUNPATH_SEARCH_PATHS = (
					"$(inherited)",
					"@executable_path/../Frameworks",
					"@loader_path/../Frameworks",
				);
				PRODUCT_BUNDLE_IDENTIFIER = com.sectormobile.applelangTests;
				PRODUCT_NAME = "$(TARGET_NAME)";
			};
			name = Release;
		};
		6FD534E621D4AA560021EA08 /* Debug */ = {
			isa = XCBuildConfiguration;
			buildSettings = {
				CODE_SIGN_IDENTITY = "";
				CODE_SIGN_STYLE = Automatic;
				COMBINE_HIDPI_IMAGES = YES;
				DEFINES_MODULE = YES;
				DYLIB_COMPATIBILITY_VERSION = 1;
				DYLIB_CURRENT_VERSION = 1;
				DYLIB_INSTALL_NAME_BASE = "@rpath";
				FRAMEWORK_VERSION = A;
				INFOPLIST_FILE = applelangSwift/Info.plist;
				INSTALL_PATH = "$(LOCAL_LIBRARY_DIR)/Frameworks";
				LD_RUNPATH_SEARCH_PATHS = (
					"$(inherited)",
					"@executable_path/../Frameworks",
					"@loader_path/Frameworks",
				);
				PRODUCT_BUNDLE_IDENTIFIER = com.sectormobile.applelangSwift;
				PRODUCT_NAME = "$(TARGET_NAME:c99extidentifier)";
				SKIP_INSTALL = YES;
				SWIFT_ACTIVE_COMPILATION_CONDITIONS = DEBUG;
				SWIFT_OPTIMIZATION_LEVEL = "-Onone";
				SWIFT_VERSION = 4.2;
			};
			name = Debug;
		};
		6FD534E721D4AA560021EA08 /* Release */ = {
			isa = XCBuildConfiguration;
			buildSettings = {
				CODE_SIGN_IDENTITY = "";
				CODE_SIGN_STYLE = Automatic;
				COMBINE_HIDPI_IMAGES = YES;
				DEFINES_MODULE = YES;
				DYLIB_COMPATIBILITY_VERSION = 1;
				DYLIB_CURRENT_VERSION = 1;
				DYLIB_INSTALL_NAME_BASE = "@rpath";
				FRAMEWORK_VERSION = A;
				INFOPLIST_FILE = applelangSwift/Info.plist;
				INSTALL_PATH = "$(LOCAL_LIBRARY_DIR)/Frameworks";
				LD_RUNPATH_SEARCH_PATHS = (
					"$(inherited)",
					"@executable_path/../Frameworks",
					"@loader_path/Frameworks",
				);
				PRODUCT_BUNDLE_IDENTIFIER = com.sectormobile.applelangSwift;
				PRODUCT_NAME = "$(TARGET_NAME:c99extidentifier)";
				SKIP_INSTALL = YES;
				SWIFT_COMPILATION_MODE = wholemodule;
				SWIFT_OPTIMIZATION_LEVEL = "-O";
				SWIFT_VERSION = 4.2;
			};
			name = Release;
		};
		6FD534E921D4AA560021EA08 /* Debug */ = {
			isa = XCBuildConfiguration;
			buildSettings = {
				CODE_SIGN_STYLE = Automatic;
				COMBINE_HIDPI_IMAGES = YES;
				INFOPLIST_FILE = applelangSwiftTests/Info.plist;
				LD_RUNPATH_SEARCH_PATHS = (
					"$(inherited)",
					"@executable_path/../Frameworks",
					"@loader_path/../Frameworks",
				);
				PRODUCT_BUNDLE_IDENTIFIER = com.sectormobile.applelangSwiftTests;
				PRODUCT_NAME = "$(TARGET_NAME)";
				SWIFT_ACTIVE_COMPILATION_CONDITIONS = DEBUG;
				SWIFT_OPTIMIZATION_LEVEL = "-Onone";
				SWIFT_VERSION = 4.2;
			};
			name = Debug;
		};
		6FD534EA21D4AA560021EA08 /* Release */ = {
			isa = XCBuildConfiguration;
			buildSettings = {
				CODE_SIGN_STYLE = Automatic;
				COMBINE_HIDPI_IMAGES = YES;
				INFOPLIST_FILE = applelangSwiftTests/Info.plist;
				LD_RUNPATH_SEARCH_PATHS = (
					"$(inherited)",
					"@executable_path/../Frameworks",
					"@loader_path/../Frameworks",
				);
				PRODUCT_BUNDLE_IDENTIFIER = com.sectormobile.applelangSwiftTests;
				PRODUCT_NAME = "$(TARGET_NAME)";
				SWIFT_COMPILATION_MODE = wholemodule;
				SWIFT_OPTIMIZATION_LEVEL = "-O";
				SWIFT_VERSION = 4.2;
			};
			name = Release;
		};
/* End XCBuildConfiguration section */

/* Begin XCConfigurationList section */
		6FD5349A21D48D970021EA08 /* Build configuration list for PBXProject "applelang" */ = {
			isa = XCConfigurationList;
			buildConfigurations = (
				6FD534B221D48D980021EA08 /* Debug */,
				6FD534B321D48D980021EA08 /* Release */,
			);
			defaultConfigurationIsVisible = 0;
			defaultConfigurationName = Release;
		};
		6FD534B421D48D980021EA08 /* Build configuration list for PBXNativeTarget "applelang" */ = {
			isa = XCConfigurationList;
			buildConfigurations = (
				6FD534B521D48D980021EA08 /* Debug */,
				6FD534B621D48D980021EA08 /* Release */,
			);
			defaultConfigurationIsVisible = 0;
			defaultConfigurationName = Release;
		};
		6FD534B721D48D980021EA08 /* Build configuration list for PBXNativeTarget "applelangTests" */ = {
			isa = XCConfigurationList;
			buildConfigurations = (
				6FD534B821D48D980021EA08 /* Debug */,
				6FD534B921D48D980021EA08 /* Release */,
			);
			defaultConfigurationIsVisible = 0;
			defaultConfigurationName = Release;
		};
		6FD534E521D4AA560021EA08 /* Build configuration list for PBXNativeTarget "applelangSwift" */ = {
			isa = XCConfigurationList;
			buildConfigurations = (
				6FD534E621D4AA560021EA08 /* Debug */,
				6FD534E721D4AA560021EA08 /* Release */,
			);
			defaultConfigurationIsVisible = 0;
			defaultConfigurationName = Release;
		};
		6FD534E821D4AA560021EA08 /* Build configuration list for PBXNativeTarget "applelangSwiftTests" */ = {
			isa = XCConfigurationList;
			buildConfigurations = (
				6FD534E921D4AA560021EA08 /* Debug */,
				6FD534EA21D4AA560021EA08 /* Release */,
			);
			defaultConfigurationIsVisible = 0;
			defaultConfigurationName = Release;
		};
/* End XCConfigurationList section */
	};
	rootObject = 6FD5349721D48D970021EA08 /* Project object */;
}
